
Microsoft Visual Studio Solution File, Format Version 12.00
# Visual Studio Version 16
VisualStudioVersion = 16.0.29709.97
MinimumVisualStudioVersion = 10.0.40219.1
Project("{FAE04EC0-301F-11D3-BF4B-00C04F79EFBC}") = "matriz4", "matriz4\matriz4.csproj", "{BF3FACA4-6C1C-4A45-8B6D-D7FEC0FC8D6C}"
EndProject
Global
	GlobalSection(SolutionConfigurationPlatforms) = preSolution
		Debug|Any CPU = Debug|Any CPU
		Release|Any CPU = Release|Any CPU
	EndGlobalSection
	GlobalSection(ProjectConfigurationPlatforms) = postSolution
		{BF3FACA4-6C1C-4A45-8B6D-D7FEC0FC8D6C}.Debug|Any CPU.ActiveCfg = Debug|Any CPU
		{BF3FACA4-6C1C-4A45-8B6D-D7FEC0FC8D6C}.Debug|Any CPU.Build.0 = Debug|Any CPU
		{BF3FACA4-6C1C-4A45-8B6D-D7FEC0FC8D6C}.Release|Any CPU.ActiveCfg = Release|Any CPU
		{BF3FACA4-6C1C-4A45-8B6D-D7FEC0FC8D6C}.Release|Any CPU.Build.0 = Release|Any CPU
	EndGlobalSection
	GlobalSection(SolutionProperties) = preSolution
		HideSolutionNode = FALSE
	EndGlobalSection
	GlobalSection(ExtensibilityGlobals) = postSolution
		SolutionGuid = {3106928B-444F-440F-B180-12A4715E34B0}
	EndGlobalSection
EndGlobal
