
Microsoft Visual Studio Solution File, Format Version 12.00
# Visual Studio Version 16
VisualStudioVersion = 16.0.29709.97
MinimumVisualStudioVersion = 10.0.40219.1
Project("{FAE04EC0-301F-11D3-BF4B-00C04F79EFBC}") = "exeresolvido1", "exeresolvido1\exeresolvido1.csproj", "{56557054-A23C-4F66-9B3E-B442EEDC4B4D}"
EndProject
Global
	GlobalSection(SolutionConfigurationPlatforms) = preSolution
		Debug|Any CPU = Debug|Any CPU
		Release|Any CPU = Release|Any CPU
	EndGlobalSection
	GlobalSection(ProjectConfigurationPlatforms) = postSolution
		{56557054-A23C-4F66-9B3E-B442EEDC4B4D}.Debug|Any CPU.ActiveCfg = Debug|Any CPU
		{56557054-A23C-4F66-9B3E-B442EEDC4B4D}.Debug|Any CPU.Build.0 = Debug|Any CPU
		{56557054-A23C-4F66-9B3E-B442EEDC4B4D}.Release|Any CPU.ActiveCfg = Release|Any CPU
		{56557054-A23C-4F66-9B3E-B442EEDC4B4D}.Release|Any CPU.Build.0 = Release|Any CPU
	EndGlobalSection
	GlobalSection(SolutionProperties) = preSolution
		HideSolutionNode = FALSE
	EndGlobalSection
	GlobalSection(ExtensibilityGlobals) = postSolution
		SolutionGuid = {445CFAE3-5B8F-48F8-AF12-17BB674E0B56}
	EndGlobalSection
EndGlobal
